
Microsoft Visual Studio Solution File, Format Version 12.00
# Visual Studio Version 17
VisualStudioVersion = 17.11.35222.181
MinimumVisualStudioVersion = 10.0.40219.1
Project("{FAE04EC0-301F-11D3-BF4B-00C04F79EFBC}") = "Ejercicio01", "Ejercicio01.csproj", "{28549051-0AA4-4B14-B59F-D7FCC3B5C624}"
EndProject
Project("{FAE04EC0-301F-11D3-BF4B-00C04F79EFBC}") = "Ejercicio02", "..\Ejercicio02\Ejercicio02.csproj", "{698E4564-EAE7-4BF4-B6B4-2CCA243491F4}"
EndProject
Project("{FAE04EC0-301F-11D3-BF4B-00C04F79EFBC}") = "Ejercicio03", "..\Ejercicio03\Ejercicio03.csproj", "{2DE7BD0C-62B9-4690-8CD0-BE8793997985}"
EndProject
Project("{FAE04EC0-301F-11D3-BF4B-00C04F79EFBC}") = "Ejercicio04", "..\Ejercicio04\Ejercicio04.csproj", "{12118ACF-D7B9-4A41-9B0E-417A78DD3011}"
EndProject
Global
	GlobalSection(SolutionConfigurationPlatforms) = preSolution
		Debug|Any CPU = Debug|Any CPU
		Release|Any CPU = Release|Any CPU
	EndGlobalSection
	GlobalSection(ProjectConfigurationPlatforms) = postSolution
		{28549051-0AA4-4B14-B59F-D7FCC3B5C624}.Debug|Any CPU.ActiveCfg = Debug|Any CPU
		{28549051-0AA4-4B14-B59F-D7FCC3B5C624}.Debug|Any CPU.Build.0 = Debug|Any CPU
		{28549051-0AA4-4B14-B59F-D7FCC3B5C624}.Release|Any CPU.ActiveCfg = Release|Any CPU
		{28549051-0AA4-4B14-B59F-D7FCC3B5C624}.Release|Any CPU.Build.0 = Release|Any CPU
		{698E4564-EAE7-4BF4-B6B4-2CCA243491F4}.Debug|Any CPU.ActiveCfg = Debug|Any CPU
		{698E4564-EAE7-4BF4-B6B4-2CCA243491F4}.Debug|Any CPU.Build.0 = Debug|Any CPU
		{698E4564-EAE7-4BF4-B6B4-2CCA243491F4}.Release|Any CPU.ActiveCfg = Release|Any CPU
		{698E4564-EAE7-4BF4-B6B4-2CCA243491F4}.Release|Any CPU.Build.0 = Release|Any CPU
		{2DE7BD0C-62B9-4690-8CD0-BE8793997985}.Debug|Any CPU.ActiveCfg = Debug|Any CPU
		{2DE7BD0C-62B9-4690-8CD0-BE8793997985}.Debug|Any CPU.Build.0 = Debug|Any CPU
		{2DE7BD0C-62B9-4690-8CD0-BE8793997985}.Release|Any CPU.ActiveCfg = Release|Any CPU
		{2DE7BD0C-62B9-4690-8CD0-BE8793997985}.Release|Any CPU.Build.0 = Release|Any CPU
		{12118ACF-D7B9-4A41-9B0E-417A78DD3011}.Debug|Any CPU.ActiveCfg = Debug|Any CPU
		{12118ACF-D7B9-4A41-9B0E-417A78DD3011}.Debug|Any CPU.Build.0 = Debug|Any CPU
		{12118ACF-D7B9-4A41-9B0E-417A78DD3011}.Release|Any CPU.ActiveCfg = Release|Any CPU
		{12118ACF-D7B9-4A41-9B0E-417A78DD3011}.Release|Any CPU.Build.0 = Release|Any CPU
	EndGlobalSection
	GlobalSection(SolutionProperties) = preSolution
		HideSolutionNode = FALSE
	EndGlobalSection
	GlobalSection(ExtensibilityGlobals) = postSolution
		SolutionGuid = {6B6179A0-456A-4F68-AA8C-9CE46183727B}
	EndGlobalSection
EndGlobal
